
Microsoft Visual Studio Solution File, Format Version 12.00
# Visual Studio Version 16
VisualStudioVersion = 16.0.31624.102
MinimumVisualStudioVersion = 10.0.40219.1
Project("{FAE04EC0-301F-11D3-BF4B-00C04F79EFBC}") = "Laboratorna1", "Laboratorna1\Laboratorna1.csproj", "{B40DD952-246C-4064-A826-56F3FC947D4C}"
EndProject
Global
	GlobalSection(SolutionConfigurationPlatforms) = preSolution
		Debug|Any CPU = Debug|Any CPU
		Release|Any CPU = Release|Any CPU
	EndGlobalSection
	GlobalSection(ProjectConfigurationPlatforms) = postSolution
		{B40DD952-246C-4064-A826-56F3FC947D4C}.Debug|Any CPU.ActiveCfg = Debug|Any CPU
		{B40DD952-246C-4064-A826-56F3FC947D4C}.Debug|Any CPU.Build.0 = Debug|Any CPU
		{B40DD952-246C-4064-A826-56F3FC947D4C}.Release|Any CPU.ActiveCfg = Release|Any CPU
		{B40DD952-246C-4064-A826-56F3FC947D4C}.Release|Any CPU.Build.0 = Release|Any CPU
	EndGlobalSection
	GlobalSection(SolutionProperties) = preSolution
		HideSolutionNode = FALSE
	EndGlobalSection
	GlobalSection(ExtensibilityGlobals) = postSolution
		SolutionGuid = {A7AD9520-5389-42A4-9959-983E010AAF71}
	EndGlobalSection
EndGlobal
